
Microsoft Visual Studio Solution File, Format Version 12.00
# Visual Studio Version 16
VisualStudioVersion = 16.0.32002.261
MinimumVisualStudioVersion = 10.0.40219.1
Project("{8BC9CEB8-8B4A-11D0-8D11-00A0C91BC942}") = "BubbleSort", "BubbleSort\BubbleSort.vcxproj", "{7721D94E-B6A9-40A7-95AC-47D1B19C45DD}"
EndProject
Global
	GlobalSection(SolutionConfigurationPlatforms) = preSolution
		Debug|x64 = Debug|x64
		Debug|x86 = Debug|x86
		Release|x64 = Release|x64
		Release|x86 = Release|x86
	EndGlobalSection
	GlobalSection(ProjectConfigurationPlatforms) = postSolution
		{7721D94E-B6A9-40A7-95AC-47D1B19C45DD}.Debug|x64.ActiveCfg = Debug|x64
		{7721D94E-B6A9-40A7-95AC-47D1B19C45DD}.Debug|x64.Build.0 = Debug|x64
		{7721D94E-B6A9-40A7-95AC-47D1B19C45DD}.Debug|x86.ActiveCfg = Debug|Win32
		{7721D94E-B6A9-40A7-95AC-47D1B19C45DD}.Debug|x86.Build.0 = Debug|Win32
		{7721D94E-B6A9-40A7-95AC-47D1B19C45DD}.Release|x64.ActiveCfg = Release|x64
		{7721D94E-B6A9-40A7-95AC-47D1B19C45DD}.Release|x64.Build.0 = Release|x64
		{7721D94E-B6A9-40A7-95AC-47D1B19C45DD}.Release|x86.ActiveCfg = Release|Win32
		{7721D94E-B6A9-40A7-95AC-47D1B19C45DD}.Release|x86.Build.0 = Release|Win32
	EndGlobalSection
	GlobalSection(SolutionProperties) = preSolution
		HideSolutionNode = FALSE
	EndGlobalSection
	GlobalSection(ExtensibilityGlobals) = postSolution
		SolutionGuid = {C1EA433D-35CB-4E91-9C0B-3D26D470BEEB}
	EndGlobalSection
EndGlobal
